
Microsoft Visual Studio Solution File, Format Version 12.00
# Visual Studio Version 16
VisualStudioVersion = 16.0.29613.14
MinimumVisualStudioVersion = 10.0.40219.1
Project("{FAE04EC0-301F-11D3-BF4B-00C04F79EFBC}") = "ChessGame", "ChessGame\ChessGame.csproj", "{2B49C441-6A94-42FF-9A98-6AE59A47A4B2}"
EndProject
Global
	GlobalSection(SolutionConfigurationPlatforms) = preSolution
		Debug|Any CPU = Debug|Any CPU
		Release|Any CPU = Release|Any CPU
	EndGlobalSection
	GlobalSection(ProjectConfigurationPlatforms) = postSolution
		{2B49C441-6A94-42FF-9A98-6AE59A47A4B2}.Debug|Any CPU.ActiveCfg = Debug|Any CPU
		{2B49C441-6A94-42FF-9A98-6AE59A47A4B2}.Debug|Any CPU.Build.0 = Debug|Any CPU
		{2B49C441-6A94-42FF-9A98-6AE59A47A4B2}.Release|Any CPU.ActiveCfg = Release|Any CPU
		{2B49C441-6A94-42FF-9A98-6AE59A47A4B2}.Release|Any CPU.Build.0 = Release|Any CPU
	EndGlobalSection
	GlobalSection(SolutionProperties) = preSolution
		HideSolutionNode = FALSE
	EndGlobalSection
	GlobalSection(ExtensibilityGlobals) = postSolution
		SolutionGuid = {00E1C554-C96F-49FE-95A3-9B5A4F3E6709}
	EndGlobalSection
EndGlobal
